{
  "name": "repo-fetcher",
  "version": "1.0.0",
  "lockfileVersion": 1,
  "requires": true,
  "dependencies": {
    "angular": {
      "version": "1.6.7",
      "resolved": "https://registry.npmjs.org/angular/-/angular-1.6.7.tgz",
      "integrity": "sha1-D4mDfa4XdrAcyx+iCW2w2Tc9mJc="
    },
    "angular-animate": {
      "version": "1.6.7",
      "resolved": "https://registry.npmjs.org/angular-animate/-/angular-animate-1.6.7.tgz",
      "integrity": "sha1-vG2+ahkNAZpvuyxzc9QPAc/XWJk="
    },
    "angular-aria": {
      "version": "1.6.7",
      "resolved": "https://registry.npmjs.org/angular-aria/-/angular-aria-1.6.7.tgz",
      "integrity": "sha1-oQihD8ZhaRT25WpsIHLah/Tm00I="
    },
    "angular-material": {
      "version": "1.1.5",
      "resolved": "https://registry.npmjs.org/angular-material/-/angular-material-1.1.5.tgz",
      "integrity": "sha1-pUUM2CBeFadpHtw4lHYJTPhtWSs="
    },
    "angular-messages": {
      "version": "1.6.7",
      "resolved": "https://registry.npmjs.org/angular-messages/-/angular-messages-1.6.7.tgz",
      "integrity": "sha1-uClD1EKSnXh1R4FLOU80gb029+A="
    }
  }
}
